{
    "version": 3,
    "terraform_version": "0.11.8",
    "serial": 23,
    "lineage": "97ad6a52-bad4-f3b9-4751-2b50d76cf6bb",
    "modules": [
        {
            "path": [
                "root"
            ],
            "outputs": {},
            "resources": {
                "azurerm_network_interface.myterraformnic.0": {
                    "type": "azurerm_network_interface",
                    "depends_on": [
                        "azurerm_network_security_group.myterraformnsg",
                        "azurerm_resource_group.myterraformgroup",
                        "azurerm_subnet.myterraformsubnet"
                    ],
                    "primary": {
                        "id": "/subscriptions/483e3fb6-7be5-4715-b41c-f1f8f7d2dd2a/resourceGroups/myResourceGroup/providers/Microsoft.Network/networkInterfaces/nic1",
                        "attributes": {
                            "applied_dns_servers.#": "0",
                            "dns_servers.#": "0",
                            "enable_accelerated_networking": "false",
                            "enable_ip_forwarding": "false",
                            "id": "/subscriptions/483e3fb6-7be5-4715-b41c-f1f8f7d2dd2a/resourceGroups/myResourceGroup/providers/Microsoft.Network/networkInterfaces/nic1",
                            "internal_dns_name_label": "",
                            "internal_fqdn": "",
                            "ip_configuration.#": "1",
                            "ip_configuration.0.application_gateway_backend_address_pools_ids.#": "0",
                            "ip_configuration.0.application_security_group_ids.#": "0",
                            "ip_configuration.0.load_balancer_backend_address_pools_ids.#": "0",
                            "ip_configuration.0.load_balancer_inbound_nat_rules_ids.#": "0",
                            "ip_configuration.0.name": "myNicConfiguration",
                            "ip_configuration.0.primary": "true",
                            "ip_configuration.0.private_ip_address": "10.0.2.5",
                            "ip_configuration.0.private_ip_address_allocation": "static",
                            "ip_configuration.0.public_ip_address_id": "",
                            "ip_configuration.0.subnet_id": "/subscriptions/483e3fb6-7be5-4715-b41c-f1f8f7d2dd2a/resourceGroups/myResourceGroup/providers/Microsoft.Network/virtualNetworks/myVnet/subnets/mySubnet",
                            "location": "eastus",
                            "mac_address": "",
                            "name": "nic1",
                            "network_security_group_id": "/subscriptions/483e3fb6-7be5-4715-b41c-f1f8f7d2dd2a/resourceGroups/myResourceGroup/providers/Microsoft.Network/networkSecurityGroups/myNetworkSecurityGroup",
                            "private_ip_address": "10.0.2.5",
                            "private_ip_addresses.#": "1",
                            "private_ip_addresses.0": "10.0.2.5",
                            "resource_group_name": "myResourceGroup",
                            "tags.%": "1",
                            "tags.environment": "Terraform Demo"
                        },
                        "meta": {},
                        "tainted": false
                    },
                    "deposed": [],
                    "provider": "provider.azurerm"
                },
                "azurerm_network_interface.myterraformnic.1": {
                    "type": "azurerm_network_interface",
                    "depends_on": [
                        "azurerm_network_security_group.myterraformnsg",
                        "azurerm_resource_group.myterraformgroup",
                        "azurerm_subnet.myterraformsubnet"
                    ],
                    "primary": {
                        "id": "/subscriptions/483e3fb6-7be5-4715-b41c-f1f8f7d2dd2a/resourceGroups/myResourceGroup/providers/Microsoft.Network/networkInterfaces/nic2",
                        "attributes": {
                            "applied_dns_servers.#": "0",
                            "dns_servers.#": "0",
                            "enable_accelerated_networking": "false",
                            "enable_ip_forwarding": "false",
                            "id": "/subscriptions/483e3fb6-7be5-4715-b41c-f1f8f7d2dd2a/resourceGroups/myResourceGroup/providers/Microsoft.Network/networkInterfaces/nic2",
                            "internal_dns_name_label": "",
                            "internal_fqdn": "",
                            "ip_configuration.#": "1",
                            "ip_configuration.0.application_gateway_backend_address_pools_ids.#": "0",
                            "ip_configuration.0.application_security_group_ids.#": "0",
                            "ip_configuration.0.load_balancer_backend_address_pools_ids.#": "0",
                            "ip_configuration.0.load_balancer_inbound_nat_rules_ids.#": "0",
                            "ip_configuration.0.name": "myNicConfiguration",
                            "ip_configuration.0.primary": "true",
                            "ip_configuration.0.private_ip_address": "10.0.2.6",
                            "ip_configuration.0.private_ip_address_allocation": "static",
                            "ip_configuration.0.public_ip_address_id": "",
                            "ip_configuration.0.subnet_id": "/subscriptions/483e3fb6-7be5-4715-b41c-f1f8f7d2dd2a/resourceGroups/myResourceGroup/providers/Microsoft.Network/virtualNetworks/myVnet/subnets/mySubnet",
                            "location": "eastus",
                            "mac_address": "",
                            "name": "nic2",
                            "network_security_group_id": "/subscriptions/483e3fb6-7be5-4715-b41c-f1f8f7d2dd2a/resourceGroups/myResourceGroup/providers/Microsoft.Network/networkSecurityGroups/myNetworkSecurityGroup",
                            "private_ip_address": "10.0.2.6",
                            "private_ip_addresses.#": "1",
                            "private_ip_addresses.0": "10.0.2.6",
                            "resource_group_name": "myResourceGroup",
                            "tags.%": "1",
                            "tags.environment": "Terraform Demo"
                        },
                        "meta": {},
                        "tainted": false
                    },
                    "deposed": [],
                    "provider": "provider.azurerm"
                },
                "azurerm_network_interface.myterraformnic.2": {
                    "type": "azurerm_network_interface",
                    "depends_on": [
                        "azurerm_network_security_group.myterraformnsg",
                        "azurerm_resource_group.myterraformgroup",
                        "azurerm_subnet.myterraformsubnet"
                    ],
                    "primary": {
                        "id": "/subscriptions/483e3fb6-7be5-4715-b41c-f1f8f7d2dd2a/resourceGroups/myResourceGroup/providers/Microsoft.Network/networkInterfaces/nic3",
                        "attributes": {
                            "applied_dns_servers.#": "0",
                            "dns_servers.#": "0",
                            "enable_accelerated_networking": "false",
                            "enable_ip_forwarding": "false",
                            "id": "/subscriptions/483e3fb6-7be5-4715-b41c-f1f8f7d2dd2a/resourceGroups/myResourceGroup/providers/Microsoft.Network/networkInterfaces/nic3",
                            "internal_dns_name_label": "",
                            "internal_fqdn": "",
                            "ip_configuration.#": "1",
                            "ip_configuration.0.application_gateway_backend_address_pools_ids.#": "0",
                            "ip_configuration.0.application_security_group_ids.#": "0",
                            "ip_configuration.0.load_balancer_backend_address_pools_ids.#": "0",
                            "ip_configuration.0.load_balancer_inbound_nat_rules_ids.#": "0",
                            "ip_configuration.0.name": "myNicConfiguration",
                            "ip_configuration.0.primary": "true",
                            "ip_configuration.0.private_ip_address": "10.0.2.7",
                            "ip_configuration.0.private_ip_address_allocation": "static",
                            "ip_configuration.0.public_ip_address_id": "",
                            "ip_configuration.0.subnet_id": "/subscriptions/483e3fb6-7be5-4715-b41c-f1f8f7d2dd2a/resourceGroups/myResourceGroup/providers/Microsoft.Network/virtualNetworks/myVnet/subnets/mySubnet",
                            "location": "eastus",
                            "mac_address": "",
                            "name": "nic3",
                            "network_security_group_id": "/subscriptions/483e3fb6-7be5-4715-b41c-f1f8f7d2dd2a/resourceGroups/myResourceGroup/providers/Microsoft.Network/networkSecurityGroups/myNetworkSecurityGroup",
                            "private_ip_address": "10.0.2.7",
                            "private_ip_addresses.#": "1",
                            "private_ip_addresses.0": "10.0.2.7",
                            "resource_group_name": "myResourceGroup",
                            "tags.%": "1",
                            "tags.environment": "Terraform Demo"
                        },
                        "meta": {},
                        "tainted": false
                    },
                    "deposed": [],
                    "provider": "provider.azurerm"
                },
                "azurerm_network_interface.myterraformnic.3": {
                    "type": "azurerm_network_interface",
                    "depends_on": [
                        "azurerm_network_security_group.myterraformnsg",
                        "azurerm_resource_group.myterraformgroup",
                        "azurerm_subnet.myterraformsubnet"
                    ],
                    "primary": {
                        "id": "/subscriptions/483e3fb6-7be5-4715-b41c-f1f8f7d2dd2a/resourceGroups/myResourceGroup/providers/Microsoft.Network/networkInterfaces/nic4",
                        "attributes": {
                            "applied_dns_servers.#": "0",
                            "dns_servers.#": "0",
                            "enable_accelerated_networking": "false",
                            "enable_ip_forwarding": "false",
                            "id": "/subscriptions/483e3fb6-7be5-4715-b41c-f1f8f7d2dd2a/resourceGroups/myResourceGroup/providers/Microsoft.Network/networkInterfaces/nic4",
                            "internal_dns_name_label": "",
                            "internal_fqdn": "",
                            "ip_configuration.#": "1",
                            "ip_configuration.0.application_gateway_backend_address_pools_ids.#": "0",
                            "ip_configuration.0.application_security_group_ids.#": "0",
                            "ip_configuration.0.load_balancer_backend_address_pools_ids.#": "0",
                            "ip_configuration.0.load_balancer_inbound_nat_rules_ids.#": "0",
                            "ip_configuration.0.name": "myNicConfiguration",
                            "ip_configuration.0.primary": "true",
                            "ip_configuration.0.private_ip_address": "10.0.2.8",
                            "ip_configuration.0.private_ip_address_allocation": "static",
                            "ip_configuration.0.public_ip_address_id": "",
                            "ip_configuration.0.subnet_id": "/subscriptions/483e3fb6-7be5-4715-b41c-f1f8f7d2dd2a/resourceGroups/myResourceGroup/providers/Microsoft.Network/virtualNetworks/myVnet/subnets/mySubnet",
                            "location": "eastus",
                            "mac_address": "",
                            "name": "nic4",
                            "network_security_group_id": "/subscriptions/483e3fb6-7be5-4715-b41c-f1f8f7d2dd2a/resourceGroups/myResourceGroup/providers/Microsoft.Network/networkSecurityGroups/myNetworkSecurityGroup",
                            "private_ip_address": "10.0.2.8",
                            "private_ip_addresses.#": "1",
                            "private_ip_addresses.0": "10.0.2.8",
                            "resource_group_name": "myResourceGroup",
                            "tags.%": "1",
                            "tags.environment": "Terraform Demo"
                        },
                        "meta": {},
                        "tainted": false
                    },
                    "deposed": [],
                    "provider": "provider.azurerm"
                },
                "azurerm_network_security_group.myterraformnsg": {
                    "type": "azurerm_network_security_group",
                    "depends_on": [
                        "azurerm_resource_group.myterraformgroup"
                    ],
                    "primary": {
                        "id": "/subscriptions/483e3fb6-7be5-4715-b41c-f1f8f7d2dd2a/resourceGroups/myResourceGroup/providers/Microsoft.Network/networkSecurityGroups/myNetworkSecurityGroup",
                        "attributes": {
                            "id": "/subscriptions/483e3fb6-7be5-4715-b41c-f1f8f7d2dd2a/resourceGroups/myResourceGroup/providers/Microsoft.Network/networkSecurityGroups/myNetworkSecurityGroup",
                            "location": "eastus",
                            "name": "myNetworkSecurityGroup",
                            "resource_group_name": "myResourceGroup",
                            "security_rule.#": "1",
                            "security_rule.2090309246.access": "Allow",
                            "security_rule.2090309246.description": "",
                            "security_rule.2090309246.destination_address_prefix": "*",
                            "security_rule.2090309246.destination_address_prefixes.#": "0",
                            "security_rule.2090309246.destination_application_security_group_ids.#": "0",
                            "security_rule.2090309246.destination_port_range": "22",
                            "security_rule.2090309246.destination_port_ranges.#": "0",
                            "security_rule.2090309246.direction": "Inbound",
                            "security_rule.2090309246.name": "SSH",
                            "security_rule.2090309246.priority": "1001",
                            "security_rule.2090309246.protocol": "Tcp",
                            "security_rule.2090309246.source_address_prefix": "*",
                            "security_rule.2090309246.source_address_prefixes.#": "0",
                            "security_rule.2090309246.source_application_security_group_ids.#": "0",
                            "security_rule.2090309246.source_port_range": "*",
                            "security_rule.2090309246.source_port_ranges.#": "0",
                            "tags.%": "1",
                            "tags.environment": "Terraform Demo"
                        },
                        "meta": {},
                        "tainted": false
                    },
                    "deposed": [],
                    "provider": "provider.azurerm"
                },
                "azurerm_network_security_group.myterraformnsg2": {
                    "type": "azurerm_network_security_group",
                    "depends_on": [
                        "azurerm_resource_group.myterraformgroup"
                    ],
                    "primary": {
                        "id": "/subscriptions/483e3fb6-7be5-4715-b41c-f1f8f7d2dd2a/resourceGroups/myResourceGroup/providers/Microsoft.Network/networkSecurityGroups/myNetworkSecurityGroup2",
                        "attributes": {
                            "id": "/subscriptions/483e3fb6-7be5-4715-b41c-f1f8f7d2dd2a/resourceGroups/myResourceGroup/providers/Microsoft.Network/networkSecurityGroups/myNetworkSecurityGroup2",
                            "location": "eastus",
                            "name": "myNetworkSecurityGroup2",
                            "resource_group_name": "myResourceGroup",
                            "security_rule.#": "2",
                            "security_rule.1023900851.access": "Allow",
                            "security_rule.1023900851.description": "",
                            "security_rule.1023900851.destination_address_prefix": "*",
                            "security_rule.1023900851.destination_address_prefixes.#": "0",
                            "security_rule.1023900851.destination_application_security_group_ids.#": "0",
                            "security_rule.1023900851.destination_port_range": "22",
                            "security_rule.1023900851.destination_port_ranges.#": "0",
                            "security_rule.1023900851.direction": "Inbound",
                            "security_rule.1023900851.name": "SSH",
                            "security_rule.1023900851.priority": "1003",
                            "security_rule.1023900851.protocol": "tcp",
                            "security_rule.1023900851.source_address_prefix": "*",
                            "security_rule.1023900851.source_address_prefixes.#": "0",
                            "security_rule.1023900851.source_application_security_group_ids.#": "0",
                            "security_rule.1023900851.source_port_range": "*",
                            "security_rule.1023900851.source_port_ranges.#": "0",
                            "security_rule.4070506173.access": "Allow",
                            "security_rule.4070506173.description": "",
                            "security_rule.4070506173.destination_address_prefix": "*",
                            "security_rule.4070506173.destination_address_prefixes.#": "0",
                            "security_rule.4070506173.destination_application_security_group_ids.#": "0",
                            "security_rule.4070506173.destination_port_range": "80",
                            "security_rule.4070506173.destination_port_ranges.#": "0",
                            "security_rule.4070506173.direction": "Inbound",
                            "security_rule.4070506173.name": "HTTP",
                            "security_rule.4070506173.priority": "1002",
                            "security_rule.4070506173.protocol": "tcp",
                            "security_rule.4070506173.source_address_prefix": "*",
                            "security_rule.4070506173.source_address_prefixes.#": "0",
                            "security_rule.4070506173.source_application_security_group_ids.#": "0",
                            "security_rule.4070506173.source_port_range": "*",
                            "security_rule.4070506173.source_port_ranges.#": "0",
                            "tags.%": "1",
                            "tags.environment": "Terraform Demo"
                        },
                        "meta": {},
                        "tainted": false
                    },
                    "deposed": [],
                    "provider": "provider.azurerm"
                },
                "azurerm_public_ip.myterraformpublicip": {
                    "type": "azurerm_public_ip",
                    "depends_on": [
                        "azurerm_resource_group.myterraformgroup"
                    ],
                    "primary": {
                        "id": "/subscriptions/483e3fb6-7be5-4715-b41c-f1f8f7d2dd2a/resourceGroups/myResourceGroup/providers/Microsoft.Network/publicIPAddresses/myPublicIP",
                        "attributes": {
                            "id": "/subscriptions/483e3fb6-7be5-4715-b41c-f1f8f7d2dd2a/resourceGroups/myResourceGroup/providers/Microsoft.Network/publicIPAddresses/myPublicIP",
                            "ip_address": "13.68.132.138",
                            "location": "eastus",
                            "name": "myPublicIP",
                            "public_ip_address_allocation": "static",
                            "resource_group_name": "myResourceGroup",
                            "sku": "Basic",
                            "tags.%": "1",
                            "tags.environment": "Terraform Demo",
                            "zones.#": "0"
                        },
                        "meta": {},
                        "tainted": false
                    },
                    "deposed": [],
                    "provider": "provider.azurerm"
                },
                "azurerm_public_ip.myterraformpublicip2": {
                    "type": "azurerm_public_ip",
                    "depends_on": [
                        "azurerm_resource_group.myterraformgroup"
                    ],
                    "primary": {
                        "id": "/subscriptions/483e3fb6-7be5-4715-b41c-f1f8f7d2dd2a/resourceGroups/myResourceGroup/providers/Microsoft.Network/publicIPAddresses/myPublicIP2",
                        "attributes": {
                            "id": "/subscriptions/483e3fb6-7be5-4715-b41c-f1f8f7d2dd2a/resourceGroups/myResourceGroup/providers/Microsoft.Network/publicIPAddresses/myPublicIP2",
                            "ip_address": "104.211.27.251",
                            "location": "eastus",
                            "name": "myPublicIP2",
                            "public_ip_address_allocation": "static",
                            "resource_group_name": "myResourceGroup",
                            "sku": "Basic",
                            "tags.%": "1",
                            "tags.environment": "Terraform Demo",
                            "zones.#": "0"
                        },
                        "meta": {},
                        "tainted": false
                    },
                    "deposed": [],
                    "provider": "provider.azurerm"
                },
                "azurerm_resource_group.myterraformgroup": {
                    "type": "azurerm_resource_group",
                    "depends_on": [],
                    "primary": {
                        "id": "/subscriptions/483e3fb6-7be5-4715-b41c-f1f8f7d2dd2a/resourceGroups/myResourceGroup",
                        "attributes": {
                            "id": "/subscriptions/483e3fb6-7be5-4715-b41c-f1f8f7d2dd2a/resourceGroups/myResourceGroup",
                            "location": "eastus",
                            "name": "myResourceGroup",
                            "tags.%": "1",
                            "tags.environment": "Terraform Demo"
                        },
                        "meta": {},
                        "tainted": false
                    },
                    "deposed": [],
                    "provider": "provider.azurerm"
                },
                "azurerm_storage_account.mystorageaccount": {
                    "type": "azurerm_storage_account",
                    "depends_on": [
                        "azurerm_resource_group.myterraformgroup",
                        "random_id.randomId"
                    ],
                    "primary": {
                        "id": "/subscriptions/483e3fb6-7be5-4715-b41c-f1f8f7d2dd2a/resourceGroups/myResourceGroup/providers/Microsoft.Storage/storageAccounts/diag1a44d1555583e256",
                        "attributes": {
                            "access_tier": "",
                            "account_encryption_source": "Microsoft.Storage",
                            "account_kind": "Storage",
                            "account_replication_type": "LRS",
                            "account_tier": "Standard",
                            "account_type": "Standard_LRS",
                            "enable_blob_encryption": "true",
                            "enable_file_encryption": "true",
                            "enable_https_traffic_only": "false",
                            "id": "/subscriptions/483e3fb6-7be5-4715-b41c-f1f8f7d2dd2a/resourceGroups/myResourceGroup/providers/Microsoft.Storage/storageAccounts/diag1a44d1555583e256",
                            "identity.#": "0",
                            "location": "eastus",
                            "name": "diag1a44d1555583e256",
                            "network_rules.#": "0",
                            "primary_access_key": "f9ABFGp/oFPxOIfhTdi75SilUFQVkmC1gXBzDExjz0UiTBvDirZ1CZ5472uukdDNheM+OfbTdLc70ZCegExIRQ==",
                            "primary_blob_connection_string": "DefaultEndpointsProtocol=https;BlobEndpoint=https://diag1a44d1555583e256.blob.core.windows.net/;AccountName=diag1a44d1555583e256;AccountKey=f9ABFGp/oFPxOIfhTdi75SilUFQVkmC1gXBzDExjz0UiTBvDirZ1CZ5472uukdDNheM+OfbTdLc70ZCegExIRQ==",
                            "primary_blob_endpoint": "https://diag1a44d1555583e256.blob.core.windows.net/",
                            "primary_connection_string": "DefaultEndpointsProtocol=https;AccountName=diag1a44d1555583e256;AccountKey=f9ABFGp/oFPxOIfhTdi75SilUFQVkmC1gXBzDExjz0UiTBvDirZ1CZ5472uukdDNheM+OfbTdLc70ZCegExIRQ==;EndpointSuffix=core.windows.net",
                            "primary_file_endpoint": "https://diag1a44d1555583e256.file.core.windows.net/",
                            "primary_location": "eastus",
                            "primary_queue_endpoint": "https://diag1a44d1555583e256.queue.core.windows.net/",
                            "primary_table_endpoint": "https://diag1a44d1555583e256.table.core.windows.net/",
                            "resource_group_name": "myResourceGroup",
                            "secondary_access_key": "ANb64myCFDG1LPl7Rge+bZtHYpZeLdM0aLd6fGuYu9Z7DR4mqtpokBAvqmhZBp71WXjdg3rf4LtrZ1HSedOczg==",
                            "secondary_connection_string": "DefaultEndpointsProtocol=https;AccountName=diag1a44d1555583e256;AccountKey=ANb64myCFDG1LPl7Rge+bZtHYpZeLdM0aLd6fGuYu9Z7DR4mqtpokBAvqmhZBp71WXjdg3rf4LtrZ1HSedOczg==;EndpointSuffix=core.windows.net",
                            "secondary_location": "",
                            "tags.%": "1",
                            "tags.environment": "Terraform Demo"
                        },
                        "meta": {
                            "schema_version": "2"
                        },
                        "tainted": false
                    },
                    "deposed": [],
                    "provider": "provider.azurerm"
                },
                "azurerm_subnet.myterraformsubnet": {
                    "type": "azurerm_subnet",
                    "depends_on": [
                        "azurerm_resource_group.myterraformgroup",
                        "azurerm_virtual_network.myterraformnetwork"
                    ],
                    "primary": {
                        "id": "/subscriptions/483e3fb6-7be5-4715-b41c-f1f8f7d2dd2a/resourceGroups/myResourceGroup/providers/Microsoft.Network/virtualNetworks/myVnet/subnets/mySubnet",
                        "attributes": {
                            "address_prefix": "10.0.2.0/24",
                            "id": "/subscriptions/483e3fb6-7be5-4715-b41c-f1f8f7d2dd2a/resourceGroups/myResourceGroup/providers/Microsoft.Network/virtualNetworks/myVnet/subnets/mySubnet",
                            "ip_configurations.#": "0",
                            "name": "mySubnet",
                            "resource_group_name": "myResourceGroup",
                            "service_endpoints.#": "0",
                            "virtual_network_name": "myVnet"
                        },
                        "meta": {},
                        "tainted": false
                    },
                    "deposed": [],
                    "provider": "provider.azurerm"
                },
                "azurerm_virtual_machine.myterraformvm.0": {
                    "type": "azurerm_virtual_machine",
                    "depends_on": [
                        "azurerm_network_interface.myterraformnic.*",
                        "azurerm_resource_group.myterraformgroup",
                        "azurerm_storage_account.mystorageaccount"
                    ],
                    "primary": {
                        "id": "/subscriptions/483e3fb6-7be5-4715-b41c-f1f8f7d2dd2a/resourceGroups/myResourceGroup/providers/Microsoft.Compute/virtualMachines/vm1",
                        "attributes": {
                            "boot_diagnostics.#": "1",
                            "boot_diagnostics.0.enabled": "true",
                            "boot_diagnostics.0.storage_uri": "https://diag1a44d1555583e256.blob.core.windows.net/",
                            "delete_data_disks_on_termination": "false",
                            "delete_os_disk_on_termination": "false",
                            "id": "/subscriptions/483e3fb6-7be5-4715-b41c-f1f8f7d2dd2a/resourceGroups/myResourceGroup/providers/Microsoft.Compute/virtualMachines/vm1",
                            "identity.#": "0",
                            "location": "eastus",
                            "name": "vm1",
                            "network_interface_ids.#": "1",
                            "network_interface_ids.0": "/subscriptions/483e3fb6-7be5-4715-b41c-f1f8f7d2dd2a/resourceGroups/myResourceGroup/providers/Microsoft.Network/networkInterfaces/nic1",
                            "os_profile.#": "1",
                            "os_profile.532908742.admin_password": "",
                            "os_profile.532908742.admin_username": "stage",
                            "os_profile.532908742.computer_name": "myVM",
                            "os_profile.532908742.custom_data": "",
                            "os_profile_linux_config.#": "1",
                            "os_profile_linux_config.69840937.disable_password_authentication": "true",
                            "os_profile_linux_config.69840937.ssh_keys.#": "1",
                            "os_profile_linux_config.69840937.ssh_keys.0.key_data": "ssh-rsa AAAAB3NzaC1yc2EAAAADAQABAAACAQDHfYmi4iacSVl5PDtAkNYHLmOq5BKy76Og16siX6JztyjUYlCsKg+i+3sY/BTeishgQ9pLyo9zIWutVTafUqfL/IELt8/sSTpviAnfxXo6D2/xFOy1SwKsSuuTabl9LDVAE4mLX9DzPECeTJXf1XZ+8YtHvcZ8jjPt/bVFxB3v08rOVe/uRDtb+yVawI2OO1XoMEPIZ2699ZpVi8N4ujo1FVR8M1+T2DKAcup4Q1Oka7a5nvS3UVQfVIQYPJ1u3HXTSVhiDy1SMv/HHhhxWzKyZfQfefnNrNZs/ZsFUWRGemgEhjLfzhTrtrceyIZY4WE+Y+Oz+SSBnZIE70TA/s5da5hM6cCU12pWpMAsvXz21ClonMcZXWhCswanuat/5xl3g4q6BrFE+QBLmnman7YUe1MzoCgH/g5zEDxDTg7rPFfR9UYywCnT4cC9dHYFahZma3+ZI9L6+7tPHbsVvy8QLKtmnVjRnxRwDSCLV2AmLHQne0Cgzep5Hxq+vDh/aNnVKukp0rcxCyC6GqRUxzq14tEOMLTOXSL+JftxHafuPNnPcTU1C/m8maxtrXCYw10FAu2ZwSTRjOH2bvQf6Fo9B1NSkK0HeM0V8nyRVcPvqNcHuAZqt8n32NEhlZP4EZkGIEKwJWAbzspftS3sGogaMyAXf7TWVY+kJkKH/BeXWw== samodev1725@gmail.com",
                            "os_profile_linux_config.69840937.ssh_keys.0.path": "/home/stage/.ssh/authorized_keys",
                            "os_profile_secrets.#": "0",
                            "resource_group_name": "myResourceGroup",
                            "storage_data_disk.#": "0",
                            "storage_image_reference.#": "1",
                            "storage_image_reference.363552096.id": "",
                            "storage_image_reference.363552096.offer": "UbuntuServer",
                            "storage_image_reference.363552096.publisher": "Canonical",
                            "storage_image_reference.363552096.sku": "16.04.0-LTS",
                            "storage_image_reference.363552096.version": "latest",
                            "storage_os_disk.#": "1",
                            "storage_os_disk.0.caching": "ReadWrite",
                            "storage_os_disk.0.create_option": "FromImage",
                            "storage_os_disk.0.disk_size_gb": "30",
                            "storage_os_disk.0.image_uri": "",
                            "storage_os_disk.0.managed_disk_id": "/subscriptions/483e3fb6-7be5-4715-b41c-f1f8f7d2dd2a/resourceGroups/myResourceGroup/providers/Microsoft.Compute/disks/myOsDisk1",
                            "storage_os_disk.0.managed_disk_type": "Premium_LRS",
                            "storage_os_disk.0.name": "myOsDisk1",
                            "storage_os_disk.0.os_type": "Linux",
                            "storage_os_disk.0.vhd_uri": "",
                            "storage_os_disk.0.write_accelerator_enabled": "false",
                            "tags.%": "1",
                            "tags.environment": "Terraform Demo",
                            "vm_size": "Standard_DS1_v2",
                            "zones.#": "0"
                        },
                        "meta": {},
                        "tainted": false
                    },
                    "deposed": [],
                    "provider": "provider.azurerm"
                },
                "azurerm_virtual_machine.myterraformvm.1": {
                    "type": "azurerm_virtual_machine",
                    "depends_on": [
                        "azurerm_network_interface.myterraformnic.*",
                        "azurerm_resource_group.myterraformgroup",
                        "azurerm_storage_account.mystorageaccount"
                    ],
                    "primary": {
                        "id": "/subscriptions/483e3fb6-7be5-4715-b41c-f1f8f7d2dd2a/resourceGroups/myResourceGroup/providers/Microsoft.Compute/virtualMachines/vm2",
                        "attributes": {
                            "boot_diagnostics.#": "1",
                            "boot_diagnostics.0.enabled": "true",
                            "boot_diagnostics.0.storage_uri": "https://diag1a44d1555583e256.blob.core.windows.net/",
                            "delete_data_disks_on_termination": "false",
                            "delete_os_disk_on_termination": "false",
                            "id": "/subscriptions/483e3fb6-7be5-4715-b41c-f1f8f7d2dd2a/resourceGroups/myResourceGroup/providers/Microsoft.Compute/virtualMachines/vm2",
                            "identity.#": "0",
                            "location": "eastus",
                            "name": "vm2",
                            "network_interface_ids.#": "1",
                            "network_interface_ids.0": "/subscriptions/483e3fb6-7be5-4715-b41c-f1f8f7d2dd2a/resourceGroups/myResourceGroup/providers/Microsoft.Network/networkInterfaces/nic2",
                            "os_profile.#": "1",
                            "os_profile.532908742.admin_password": "",
                            "os_profile.532908742.admin_username": "stage",
                            "os_profile.532908742.computer_name": "myVM",
                            "os_profile.532908742.custom_data": "",
                            "os_profile_linux_config.#": "1",
                            "os_profile_linux_config.69840937.disable_password_authentication": "true",
                            "os_profile_linux_config.69840937.ssh_keys.#": "1",
                            "os_profile_linux_config.69840937.ssh_keys.0.key_data": "ssh-rsa AAAAB3NzaC1yc2EAAAADAQABAAACAQDHfYmi4iacSVl5PDtAkNYHLmOq5BKy76Og16siX6JztyjUYlCsKg+i+3sY/BTeishgQ9pLyo9zIWutVTafUqfL/IELt8/sSTpviAnfxXo6D2/xFOy1SwKsSuuTabl9LDVAE4mLX9DzPECeTJXf1XZ+8YtHvcZ8jjPt/bVFxB3v08rOVe/uRDtb+yVawI2OO1XoMEPIZ2699ZpVi8N4ujo1FVR8M1+T2DKAcup4Q1Oka7a5nvS3UVQfVIQYPJ1u3HXTSVhiDy1SMv/HHhhxWzKyZfQfefnNrNZs/ZsFUWRGemgEhjLfzhTrtrceyIZY4WE+Y+Oz+SSBnZIE70TA/s5da5hM6cCU12pWpMAsvXz21ClonMcZXWhCswanuat/5xl3g4q6BrFE+QBLmnman7YUe1MzoCgH/g5zEDxDTg7rPFfR9UYywCnT4cC9dHYFahZma3+ZI9L6+7tPHbsVvy8QLKtmnVjRnxRwDSCLV2AmLHQne0Cgzep5Hxq+vDh/aNnVKukp0rcxCyC6GqRUxzq14tEOMLTOXSL+JftxHafuPNnPcTU1C/m8maxtrXCYw10FAu2ZwSTRjOH2bvQf6Fo9B1NSkK0HeM0V8nyRVcPvqNcHuAZqt8n32NEhlZP4EZkGIEKwJWAbzspftS3sGogaMyAXf7TWVY+kJkKH/BeXWw== samodev1725@gmail.com",
                            "os_profile_linux_config.69840937.ssh_keys.0.path": "/home/stage/.ssh/authorized_keys",
                            "os_profile_secrets.#": "0",
                            "resource_group_name": "myResourceGroup",
                            "storage_data_disk.#": "0",
                            "storage_image_reference.#": "1",
                            "storage_image_reference.363552096.id": "",
                            "storage_image_reference.363552096.offer": "UbuntuServer",
                            "storage_image_reference.363552096.publisher": "Canonical",
                            "storage_image_reference.363552096.sku": "16.04.0-LTS",
                            "storage_image_reference.363552096.version": "latest",
                            "storage_os_disk.#": "1",
                            "storage_os_disk.0.caching": "ReadWrite",
                            "storage_os_disk.0.create_option": "FromImage",
                            "storage_os_disk.0.disk_size_gb": "30",
                            "storage_os_disk.0.image_uri": "",
                            "storage_os_disk.0.managed_disk_id": "/subscriptions/483e3fb6-7be5-4715-b41c-f1f8f7d2dd2a/resourceGroups/myResourceGroup/providers/Microsoft.Compute/disks/myOsDisk2",
                            "storage_os_disk.0.managed_disk_type": "Premium_LRS",
                            "storage_os_disk.0.name": "myOsDisk2",
                            "storage_os_disk.0.os_type": "Linux",
                            "storage_os_disk.0.vhd_uri": "",
                            "storage_os_disk.0.write_accelerator_enabled": "false",
                            "tags.%": "1",
                            "tags.environment": "Terraform Demo",
                            "vm_size": "Standard_DS1_v2",
                            "zones.#": "0"
                        },
                        "meta": {},
                        "tainted": false
                    },
                    "deposed": [],
                    "provider": "provider.azurerm"
                },
                "azurerm_virtual_machine.myterraformvm.2": {
                    "type": "azurerm_virtual_machine",
                    "depends_on": [
                        "azurerm_network_interface.myterraformnic.*",
                        "azurerm_resource_group.myterraformgroup",
                        "azurerm_storage_account.mystorageaccount"
                    ],
                    "primary": {
                        "id": "/subscriptions/483e3fb6-7be5-4715-b41c-f1f8f7d2dd2a/resourceGroups/myResourceGroup/providers/Microsoft.Compute/virtualMachines/vm3",
                        "attributes": {
                            "boot_diagnostics.#": "1",
                            "boot_diagnostics.0.enabled": "true",
                            "boot_diagnostics.0.storage_uri": "https://diag1a44d1555583e256.blob.core.windows.net/",
                            "delete_data_disks_on_termination": "false",
                            "delete_os_disk_on_termination": "false",
                            "id": "/subscriptions/483e3fb6-7be5-4715-b41c-f1f8f7d2dd2a/resourceGroups/myResourceGroup/providers/Microsoft.Compute/virtualMachines/vm3",
                            "identity.#": "0",
                            "location": "eastus",
                            "name": "vm3",
                            "network_interface_ids.#": "1",
                            "network_interface_ids.0": "/subscriptions/483e3fb6-7be5-4715-b41c-f1f8f7d2dd2a/resourceGroups/myResourceGroup/providers/Microsoft.Network/networkInterfaces/nic3",
                            "os_profile.#": "1",
                            "os_profile.532908742.admin_password": "",
                            "os_profile.532908742.admin_username": "stage",
                            "os_profile.532908742.computer_name": "myVM",
                            "os_profile.532908742.custom_data": "",
                            "os_profile_linux_config.#": "1",
                            "os_profile_linux_config.69840937.disable_password_authentication": "true",
                            "os_profile_linux_config.69840937.ssh_keys.#": "1",
                            "os_profile_linux_config.69840937.ssh_keys.0.key_data": "ssh-rsa AAAAB3NzaC1yc2EAAAADAQABAAACAQDHfYmi4iacSVl5PDtAkNYHLmOq5BKy76Og16siX6JztyjUYlCsKg+i+3sY/BTeishgQ9pLyo9zIWutVTafUqfL/IELt8/sSTpviAnfxXo6D2/xFOy1SwKsSuuTabl9LDVAE4mLX9DzPECeTJXf1XZ+8YtHvcZ8jjPt/bVFxB3v08rOVe/uRDtb+yVawI2OO1XoMEPIZ2699ZpVi8N4ujo1FVR8M1+T2DKAcup4Q1Oka7a5nvS3UVQfVIQYPJ1u3HXTSVhiDy1SMv/HHhhxWzKyZfQfefnNrNZs/ZsFUWRGemgEhjLfzhTrtrceyIZY4WE+Y+Oz+SSBnZIE70TA/s5da5hM6cCU12pWpMAsvXz21ClonMcZXWhCswanuat/5xl3g4q6BrFE+QBLmnman7YUe1MzoCgH/g5zEDxDTg7rPFfR9UYywCnT4cC9dHYFahZma3+ZI9L6+7tPHbsVvy8QLKtmnVjRnxRwDSCLV2AmLHQne0Cgzep5Hxq+vDh/aNnVKukp0rcxCyC6GqRUxzq14tEOMLTOXSL+JftxHafuPNnPcTU1C/m8maxtrXCYw10FAu2ZwSTRjOH2bvQf6Fo9B1NSkK0HeM0V8nyRVcPvqNcHuAZqt8n32NEhlZP4EZkGIEKwJWAbzspftS3sGogaMyAXf7TWVY+kJkKH/BeXWw== samodev1725@gmail.com",
                            "os_profile_linux_config.69840937.ssh_keys.0.path": "/home/stage/.ssh/authorized_keys",
                            "os_profile_secrets.#": "0",
                            "resource_group_name": "myResourceGroup",
                            "storage_data_disk.#": "0",
                            "storage_image_reference.#": "1",
                            "storage_image_reference.363552096.id": "",
                            "storage_image_reference.363552096.offer": "UbuntuServer",
                            "storage_image_reference.363552096.publisher": "Canonical",
                            "storage_image_reference.363552096.sku": "16.04.0-LTS",
                            "storage_image_reference.363552096.version": "latest",
                            "storage_os_disk.#": "1",
                            "storage_os_disk.0.caching": "ReadWrite",
                            "storage_os_disk.0.create_option": "FromImage",
                            "storage_os_disk.0.disk_size_gb": "30",
                            "storage_os_disk.0.image_uri": "",
                            "storage_os_disk.0.managed_disk_id": "/subscriptions/483e3fb6-7be5-4715-b41c-f1f8f7d2dd2a/resourceGroups/myResourceGroup/providers/Microsoft.Compute/disks/myOsDisk3",
                            "storage_os_disk.0.managed_disk_type": "Premium_LRS",
                            "storage_os_disk.0.name": "myOsDisk3",
                            "storage_os_disk.0.os_type": "Linux",
                            "storage_os_disk.0.vhd_uri": "",
                            "storage_os_disk.0.write_accelerator_enabled": "false",
                            "tags.%": "1",
                            "tags.environment": "Terraform Demo",
                            "vm_size": "Standard_DS1_v2",
                            "zones.#": "0"
                        },
                        "meta": {},
                        "tainted": false
                    },
                    "deposed": [],
                    "provider": "provider.azurerm"
                },
                "azurerm_virtual_machine.myterraformvm.3": {
                    "type": "azurerm_virtual_machine",
                    "depends_on": [
                        "azurerm_network_interface.myterraformnic.*",
                        "azurerm_resource_group.myterraformgroup",
                        "azurerm_storage_account.mystorageaccount"
                    ],
                    "primary": {
                        "id": "/subscriptions/483e3fb6-7be5-4715-b41c-f1f8f7d2dd2a/resourceGroups/myResourceGroup/providers/Microsoft.Compute/virtualMachines/vm4",
                        "attributes": {
                            "boot_diagnostics.#": "1",
                            "boot_diagnostics.0.enabled": "true",
                            "boot_diagnostics.0.storage_uri": "https://diag1a44d1555583e256.blob.core.windows.net/",
                            "delete_data_disks_on_termination": "false",
                            "delete_os_disk_on_termination": "false",
                            "id": "/subscriptions/483e3fb6-7be5-4715-b41c-f1f8f7d2dd2a/resourceGroups/myResourceGroup/providers/Microsoft.Compute/virtualMachines/vm4",
                            "identity.#": "0",
                            "location": "eastus",
                            "name": "vm4",
                            "network_interface_ids.#": "1",
                            "network_interface_ids.0": "/subscriptions/483e3fb6-7be5-4715-b41c-f1f8f7d2dd2a/resourceGroups/myResourceGroup/providers/Microsoft.Network/networkInterfaces/nic4",
                            "os_profile.#": "1",
                            "os_profile.532908742.admin_password": "",
                            "os_profile.532908742.admin_username": "stage",
                            "os_profile.532908742.computer_name": "myVM",
                            "os_profile.532908742.custom_data": "",
                            "os_profile_linux_config.#": "1",
                            "os_profile_linux_config.69840937.disable_password_authentication": "true",
                            "os_profile_linux_config.69840937.ssh_keys.#": "1",
                            "os_profile_linux_config.69840937.ssh_keys.0.key_data": "ssh-rsa AAAAB3NzaC1yc2EAAAADAQABAAACAQDHfYmi4iacSVl5PDtAkNYHLmOq5BKy76Og16siX6JztyjUYlCsKg+i+3sY/BTeishgQ9pLyo9zIWutVTafUqfL/IELt8/sSTpviAnfxXo6D2/xFOy1SwKsSuuTabl9LDVAE4mLX9DzPECeTJXf1XZ+8YtHvcZ8jjPt/bVFxB3v08rOVe/uRDtb+yVawI2OO1XoMEPIZ2699ZpVi8N4ujo1FVR8M1+T2DKAcup4Q1Oka7a5nvS3UVQfVIQYPJ1u3HXTSVhiDy1SMv/HHhhxWzKyZfQfefnNrNZs/ZsFUWRGemgEhjLfzhTrtrceyIZY4WE+Y+Oz+SSBnZIE70TA/s5da5hM6cCU12pWpMAsvXz21ClonMcZXWhCswanuat/5xl3g4q6BrFE+QBLmnman7YUe1MzoCgH/g5zEDxDTg7rPFfR9UYywCnT4cC9dHYFahZma3+ZI9L6+7tPHbsVvy8QLKtmnVjRnxRwDSCLV2AmLHQne0Cgzep5Hxq+vDh/aNnVKukp0rcxCyC6GqRUxzq14tEOMLTOXSL+JftxHafuPNnPcTU1C/m8maxtrXCYw10FAu2ZwSTRjOH2bvQf6Fo9B1NSkK0HeM0V8nyRVcPvqNcHuAZqt8n32NEhlZP4EZkGIEKwJWAbzspftS3sGogaMyAXf7TWVY+kJkKH/BeXWw== samodev1725@gmail.com",
                            "os_profile_linux_config.69840937.ssh_keys.0.path": "/home/stage/.ssh/authorized_keys",
                            "os_profile_secrets.#": "0",
                            "resource_group_name": "myResourceGroup",
                            "storage_data_disk.#": "0",
                            "storage_image_reference.#": "1",
                            "storage_image_reference.363552096.id": "",
                            "storage_image_reference.363552096.offer": "UbuntuServer",
                            "storage_image_reference.363552096.publisher": "Canonical",
                            "storage_image_reference.363552096.sku": "16.04.0-LTS",
                            "storage_image_reference.363552096.version": "latest",
                            "storage_os_disk.#": "1",
                            "storage_os_disk.0.caching": "ReadWrite",
                            "storage_os_disk.0.create_option": "FromImage",
                            "storage_os_disk.0.disk_size_gb": "30",
                            "storage_os_disk.0.image_uri": "",
                            "storage_os_disk.0.managed_disk_id": "/subscriptions/483e3fb6-7be5-4715-b41c-f1f8f7d2dd2a/resourceGroups/myResourceGroup/providers/Microsoft.Compute/disks/myOsDisk4",
                            "storage_os_disk.0.managed_disk_type": "Premium_LRS",
                            "storage_os_disk.0.name": "myOsDisk4",
                            "storage_os_disk.0.os_type": "Linux",
                            "storage_os_disk.0.vhd_uri": "",
                            "storage_os_disk.0.write_accelerator_enabled": "false",
                            "tags.%": "1",
                            "tags.environment": "Terraform Demo",
                            "vm_size": "Standard_DS1_v2",
                            "zones.#": "0"
                        },
                        "meta": {},
                        "tainted": false
                    },
                    "deposed": [],
                    "provider": "provider.azurerm"
                },
                "azurerm_virtual_network.myterraformnetwork": {
                    "type": "azurerm_virtual_network",
                    "depends_on": [
                        "azurerm_resource_group.myterraformgroup"
                    ],
                    "primary": {
                        "id": "/subscriptions/483e3fb6-7be5-4715-b41c-f1f8f7d2dd2a/resourceGroups/myResourceGroup/providers/Microsoft.Network/virtualNetworks/myVnet",
                        "attributes": {
                            "address_space.#": "1",
                            "address_space.0": "10.0.0.0/16",
                            "dns_servers.#": "0",
                            "id": "/subscriptions/483e3fb6-7be5-4715-b41c-f1f8f7d2dd2a/resourceGroups/myResourceGroup/providers/Microsoft.Network/virtualNetworks/myVnet",
                            "location": "eastus",
                            "name": "myVnet",
                            "resource_group_name": "myResourceGroup",
                            "subnet.#": "0",
                            "tags.%": "1",
                            "tags.environment": "Terraform Demo"
                        },
                        "meta": {},
                        "tainted": false
                    },
                    "deposed": [],
                    "provider": "provider.azurerm"
                },
                "random_id.randomId": {
                    "type": "random_id",
                    "depends_on": [
                        "azurerm_resource_group.myterraformgroup"
                    ],
                    "primary": {
                        "id": "GkTRVVWD4lY",
                        "attributes": {
                            "b64": "GkTRVVWD4lY",
                            "b64_std": "GkTRVVWD4lY=",
                            "b64_url": "GkTRVVWD4lY",
                            "byte_length": "8",
                            "dec": "1892867907839582806",
                            "hex": "1a44d1555583e256",
                            "id": "GkTRVVWD4lY",
                            "keepers.%": "1",
                            "keepers.resource_group": "myResourceGroup"
                        },
                        "meta": {},
                        "tainted": false
                    },
                    "deposed": [],
                    "provider": "provider.random"
                }
            },
            "depends_on": []
        }
    ]
}
