{
    "version": 3,
    "terraform_version": "0.11.8",
    "serial": 31,
    "lineage": "97ad6a52-bad4-f3b9-4751-2b50d76cf6bb",
    "modules": [
        {
            "path": [
                "root"
            ],
            "outputs": {},
            "resources": {
                "azurerm_network_security_group.myterraformnsg": {
                    "type": "azurerm_network_security_group",
                    "depends_on": [
                        "azurerm_resource_group.myterraformgroup"
                    ],
                    "primary": {
                        "id": "/subscriptions/483e3fb6-7be5-4715-b41c-f1f8f7d2dd2a/resourceGroups/myResourceGroup/providers/Microsoft.Network/networkSecurityGroups/myNetworkSecurityGroup",
                        "attributes": {
                            "id": "/subscriptions/483e3fb6-7be5-4715-b41c-f1f8f7d2dd2a/resourceGroups/myResourceGroup/providers/Microsoft.Network/networkSecurityGroups/myNetworkSecurityGroup",
                            "location": "eastus",
                            "name": "myNetworkSecurityGroup",
                            "resource_group_name": "myResourceGroup",
                            "security_rule.#": "1",
                            "security_rule.2090309246.access": "Allow",
                            "security_rule.2090309246.description": "",
                            "security_rule.2090309246.destination_address_prefix": "*",
                            "security_rule.2090309246.destination_address_prefixes.#": "0",
                            "security_rule.2090309246.destination_application_security_group_ids.#": "0",
                            "security_rule.2090309246.destination_port_range": "22",
                            "security_rule.2090309246.destination_port_ranges.#": "0",
                            "security_rule.2090309246.direction": "Inbound",
                            "security_rule.2090309246.name": "SSH",
                            "security_rule.2090309246.priority": "1001",
                            "security_rule.2090309246.protocol": "Tcp",
                            "security_rule.2090309246.source_address_prefix": "*",
                            "security_rule.2090309246.source_address_prefixes.#": "0",
                            "security_rule.2090309246.source_application_security_group_ids.#": "0",
                            "security_rule.2090309246.source_port_range": "*",
                            "security_rule.2090309246.source_port_ranges.#": "0",
                            "tags.%": "1",
                            "tags.environment": "Terraform Demo"
                        },
                        "meta": {},
                        "tainted": false
                    },
                    "deposed": [],
                    "provider": "provider.azurerm"
                },
                "azurerm_network_security_group.myterraformnsg2": {
                    "type": "azurerm_network_security_group",
                    "depends_on": [
                        "azurerm_resource_group.myterraformgroup"
                    ],
                    "primary": {
                        "id": "/subscriptions/483e3fb6-7be5-4715-b41c-f1f8f7d2dd2a/resourceGroups/myResourceGroup/providers/Microsoft.Network/networkSecurityGroups/myNetworkSecurityGroup2",
                        "attributes": {
                            "id": "/subscriptions/483e3fb6-7be5-4715-b41c-f1f8f7d2dd2a/resourceGroups/myResourceGroup/providers/Microsoft.Network/networkSecurityGroups/myNetworkSecurityGroup2",
                            "location": "eastus",
                            "name": "myNetworkSecurityGroup2",
                            "resource_group_name": "myResourceGroup",
                            "security_rule.#": "2",
                            "security_rule.1023900851.access": "Allow",
                            "security_rule.1023900851.description": "",
                            "security_rule.1023900851.destination_address_prefix": "*",
                            "security_rule.1023900851.destination_address_prefixes.#": "0",
                            "security_rule.1023900851.destination_application_security_group_ids.#": "0",
                            "security_rule.1023900851.destination_port_range": "22",
                            "security_rule.1023900851.destination_port_ranges.#": "0",
                            "security_rule.1023900851.direction": "Inbound",
                            "security_rule.1023900851.name": "SSH",
                            "security_rule.1023900851.priority": "1003",
                            "security_rule.1023900851.protocol": "tcp",
                            "security_rule.1023900851.source_address_prefix": "*",
                            "security_rule.1023900851.source_address_prefixes.#": "0",
                            "security_rule.1023900851.source_application_security_group_ids.#": "0",
                            "security_rule.1023900851.source_port_range": "*",
                            "security_rule.1023900851.source_port_ranges.#": "0",
                            "security_rule.4070506173.access": "Allow",
                            "security_rule.4070506173.description": "",
                            "security_rule.4070506173.destination_address_prefix": "*",
                            "security_rule.4070506173.destination_address_prefixes.#": "0",
                            "security_rule.4070506173.destination_application_security_group_ids.#": "0",
                            "security_rule.4070506173.destination_port_range": "80",
                            "security_rule.4070506173.destination_port_ranges.#": "0",
                            "security_rule.4070506173.direction": "Inbound",
                            "security_rule.4070506173.name": "HTTP",
                            "security_rule.4070506173.priority": "1002",
                            "security_rule.4070506173.protocol": "tcp",
                            "security_rule.4070506173.source_address_prefix": "*",
                            "security_rule.4070506173.source_address_prefixes.#": "0",
                            "security_rule.4070506173.source_application_security_group_ids.#": "0",
                            "security_rule.4070506173.source_port_range": "*",
                            "security_rule.4070506173.source_port_ranges.#": "0",
                            "tags.%": "1",
                            "tags.environment": "Terraform Demo"
                        },
                        "meta": {},
                        "tainted": false
                    },
                    "deposed": [],
                    "provider": "provider.azurerm"
                },
                "azurerm_public_ip.myterraformpublicip": {
                    "type": "azurerm_public_ip",
                    "depends_on": [
                        "azurerm_resource_group.myterraformgroup"
                    ],
                    "primary": {
                        "id": "/subscriptions/483e3fb6-7be5-4715-b41c-f1f8f7d2dd2a/resourceGroups/myResourceGroup/providers/Microsoft.Network/publicIPAddresses/publicIP1",
                        "attributes": {
                            "id": "/subscriptions/483e3fb6-7be5-4715-b41c-f1f8f7d2dd2a/resourceGroups/myResourceGroup/providers/Microsoft.Network/publicIPAddresses/publicIP1",
                            "ip_address": "",
                            "location": "eastus",
                            "name": "publicIP1",
                            "public_ip_address_allocation": "dynamic",
                            "resource_group_name": "myResourceGroup",
                            "sku": "Basic",
                            "tags.%": "1",
                            "tags.environment": "Terraform Demo",
                            "zones.#": "0"
                        },
                        "meta": {},
                        "tainted": false
                    },
                    "deposed": [],
                    "provider": "provider.azurerm"
                },
                "azurerm_resource_group.myterraformgroup": {
                    "type": "azurerm_resource_group",
                    "depends_on": [],
                    "primary": {
                        "id": "/subscriptions/483e3fb6-7be5-4715-b41c-f1f8f7d2dd2a/resourceGroups/myResourceGroup",
                        "attributes": {
                            "id": "/subscriptions/483e3fb6-7be5-4715-b41c-f1f8f7d2dd2a/resourceGroups/myResourceGroup",
                            "location": "eastus",
                            "name": "myResourceGroup",
                            "tags.%": "1",
                            "tags.environment": "Terraform Demo"
                        },
                        "meta": {},
                        "tainted": false
                    },
                    "deposed": [],
                    "provider": "provider.azurerm"
                },
                "azurerm_storage_account.mystorageaccount": {
                    "type": "azurerm_storage_account",
                    "depends_on": [
                        "azurerm_resource_group.myterraformgroup",
                        "random_id.randomId"
                    ],
                    "primary": {
                        "id": "/subscriptions/483e3fb6-7be5-4715-b41c-f1f8f7d2dd2a/resourceGroups/myResourceGroup/providers/Microsoft.Storage/storageAccounts/diag158a0ad7bed83d95",
                        "attributes": {
                            "access_tier": "",
                            "account_encryption_source": "Microsoft.Storage",
                            "account_kind": "Storage",
                            "account_replication_type": "LRS",
                            "account_tier": "Standard",
                            "account_type": "Standard_LRS",
                            "enable_blob_encryption": "true",
                            "enable_file_encryption": "true",
                            "enable_https_traffic_only": "false",
                            "id": "/subscriptions/483e3fb6-7be5-4715-b41c-f1f8f7d2dd2a/resourceGroups/myResourceGroup/providers/Microsoft.Storage/storageAccounts/diag158a0ad7bed83d95",
                            "identity.#": "0",
                            "location": "eastus",
                            "name": "diag158a0ad7bed83d95",
                            "network_rules.#": "0",
                            "primary_access_key": "R7XvFJAFX+edrpjDunxLIjIAq7cdgufH6dHRxovC8rxX+8PZ0KHt7EvfA4mL9MiJmv1zZAhtOfmXLAG23iJe4A==",
                            "primary_blob_connection_string": "DefaultEndpointsProtocol=https;BlobEndpoint=https://diag158a0ad7bed83d95.blob.core.windows.net/;AccountName=diag158a0ad7bed83d95;AccountKey=R7XvFJAFX+edrpjDunxLIjIAq7cdgufH6dHRxovC8rxX+8PZ0KHt7EvfA4mL9MiJmv1zZAhtOfmXLAG23iJe4A==",
                            "primary_blob_endpoint": "https://diag158a0ad7bed83d95.blob.core.windows.net/",
                            "primary_connection_string": "DefaultEndpointsProtocol=https;AccountName=diag158a0ad7bed83d95;AccountKey=R7XvFJAFX+edrpjDunxLIjIAq7cdgufH6dHRxovC8rxX+8PZ0KHt7EvfA4mL9MiJmv1zZAhtOfmXLAG23iJe4A==;EndpointSuffix=core.windows.net",
                            "primary_file_endpoint": "https://diag158a0ad7bed83d95.file.core.windows.net/",
                            "primary_location": "eastus",
                            "primary_queue_endpoint": "https://diag158a0ad7bed83d95.queue.core.windows.net/",
                            "primary_table_endpoint": "https://diag158a0ad7bed83d95.table.core.windows.net/",
                            "resource_group_name": "myResourceGroup",
                            "secondary_access_key": "Kf7jgpOKvb5ohbHlUxc1jzO+AVvarwAp8KdsmHvEs3XFEYyUV4h2BKKrZRVQ+cFu+rI6W9RwUmrtXHFiTCniuw==",
                            "secondary_connection_string": "DefaultEndpointsProtocol=https;AccountName=diag158a0ad7bed83d95;AccountKey=Kf7jgpOKvb5ohbHlUxc1jzO+AVvarwAp8KdsmHvEs3XFEYyUV4h2BKKrZRVQ+cFu+rI6W9RwUmrtXHFiTCniuw==;EndpointSuffix=core.windows.net",
                            "secondary_location": "",
                            "tags.%": "1",
                            "tags.environment": "Terraform Demo"
                        },
                        "meta": {
                            "schema_version": "2"
                        },
                        "tainted": false
                    },
                    "deposed": [],
                    "provider": "provider.azurerm"
                },
                "azurerm_subnet.myterraformsubnet": {
                    "type": "azurerm_subnet",
                    "depends_on": [
                        "azurerm_resource_group.myterraformgroup",
                        "azurerm_virtual_network.myterraformnetwork"
                    ],
                    "primary": {
                        "id": "/subscriptions/483e3fb6-7be5-4715-b41c-f1f8f7d2dd2a/resourceGroups/myResourceGroup/providers/Microsoft.Network/virtualNetworks/myVnet/subnets/mySubnet",
                        "attributes": {
                            "address_prefix": "10.0.2.0/24",
                            "id": "/subscriptions/483e3fb6-7be5-4715-b41c-f1f8f7d2dd2a/resourceGroups/myResourceGroup/providers/Microsoft.Network/virtualNetworks/myVnet/subnets/mySubnet",
                            "ip_configurations.#": "0",
                            "name": "mySubnet",
                            "resource_group_name": "myResourceGroup",
                            "service_endpoints.#": "0",
                            "virtual_network_name": "myVnet"
                        },
                        "meta": {},
                        "tainted": false
                    },
                    "deposed": [],
                    "provider": "provider.azurerm"
                },
                "azurerm_virtual_network.myterraformnetwork": {
                    "type": "azurerm_virtual_network",
                    "depends_on": [
                        "azurerm_resource_group.myterraformgroup"
                    ],
                    "primary": {
                        "id": "/subscriptions/483e3fb6-7be5-4715-b41c-f1f8f7d2dd2a/resourceGroups/myResourceGroup/providers/Microsoft.Network/virtualNetworks/myVnet",
                        "attributes": {
                            "address_space.#": "1",
                            "address_space.0": "10.0.0.0/16",
                            "dns_servers.#": "0",
                            "id": "/subscriptions/483e3fb6-7be5-4715-b41c-f1f8f7d2dd2a/resourceGroups/myResourceGroup/providers/Microsoft.Network/virtualNetworks/myVnet",
                            "location": "eastus",
                            "name": "myVnet",
                            "resource_group_name": "myResourceGroup",
                            "subnet.#": "0",
                            "tags.%": "1",
                            "tags.environment": "Terraform Demo"
                        },
                        "meta": {},
                        "tainted": false
                    },
                    "deposed": [],
                    "provider": "provider.azurerm"
                },
                "random_id.randomId": {
                    "type": "random_id",
                    "depends_on": [
                        "azurerm_resource_group.myterraformgroup"
                    ],
                    "primary": {
                        "id": "FYoK177YPZU",
                        "attributes": {
                            "b64": "FYoK177YPZU",
                            "b64_std": "FYoK177YPZU=",
                            "b64_url": "FYoK177YPZU",
                            "byte_length": "8",
                            "dec": "1552064943318646165",
                            "hex": "158a0ad7bed83d95",
                            "id": "FYoK177YPZU",
                            "keepers.%": "1",
                            "keepers.resource_group": "myResourceGroup"
                        },
                        "meta": {},
                        "tainted": false
                    },
                    "deposed": [],
                    "provider": "provider.random"
                }
            },
            "depends_on": []
        }
    ]
}
